// !$*UTF8*$!
{
	archiveVersion = 1;
	classes = {
	};
	objectVersion = 56;
	objects = {

/* Begin PBXBuildFile section */
		CD00A9882B3A74B90042E9F6 /* MorseCodeViewController.swift in Sources */ = {isa = PBXBuildFile; fileRef = CD00A9872B3A74B90042E9F6 /* MorseCodeViewController.swift */; };
		CD00A98C2B3A74EB0042E9F6 /* UIButton+TestHelpers.swift in Sources */ = {isa = PBXBuildFile; fileRef = CD00A98A2B3A74EB0042E9F6 /* UIButton+TestHelpers.swift */; };
		CD00A98D2B3A74EB0042E9F6 /* UIControl+TestHelpers.swift in Sources */ = {isa = PBXBuildFile; fileRef = CD00A98B2B3A74EB0042E9F6 /* UIControl+TestHelpers.swift */; };
		CD00A98F2B3A74F60042E9F6 /* MorseCodeViewControllerTests.swift in Sources */ = {isa = PBXBuildFile; fileRef = CD00A98E2B3A74F60042E9F6 /* MorseCodeViewControllerTests.swift */; };
		CD00A9912B3A75600042E9F6 /* XCTestCase+LeakTracking.swift in Sources */ = {isa = PBXBuildFile; fileRef = CD00A9902B3A75600042E9F6 /* XCTestCase+LeakTracking.swift */; };
		CD00A9972B3A79080042E9F6 /* SnapKit in Frameworks */ = {isa = PBXBuildFile; productRef = CD00A9962B3A79080042E9F6 /* SnapKit */; };
		CD00A99A2B3A7BC30042E9F6 /* UIColor+Ext.swift in Sources */ = {isa = PBXBuildFile; fileRef = CD00A9992B3A7BC30042E9F6 /* UIColor+Ext.swift */; };
		CD4ED4ED2B3C00E600197428 /* CustomTextField.swift in Sources */ = {isa = PBXBuildFile; fileRef = CD4ED4EC2B3C00E600197428 /* CustomTextField.swift */; };
		CD4ED4EF2B3C014900197428 /* ConvertorSpy.swift in Sources */ = {isa = PBXBuildFile; fileRef = CD4ED4EE2B3C014900197428 /* ConvertorSpy.swift */; };
		CD4ED4F12B3C04E800197428 /* CustomButton.swift in Sources */ = {isa = PBXBuildFile; fileRef = CD4ED4F02B3C04E800197428 /* CustomButton.swift */; };
		CDD10ABE2B397F3C008ED95F /* AppDelegate.swift in Sources */ = {isa = PBXBuildFile; fileRef = CDD10ABD2B397F3C008ED95F /* AppDelegate.swift */; };
		CDD10AC02B397F3C008ED95F /* SceneDelegate.swift in Sources */ = {isa = PBXBuildFile; fileRef = CDD10ABF2B397F3C008ED95F /* SceneDelegate.swift */; };
		CDD10AC72B397F3D008ED95F /* Assets.xcassets in Resources */ = {isa = PBXBuildFile; fileRef = CDD10AC62B397F3D008ED95F /* Assets.xcassets */; };
		CDD10ACA2B397F3D008ED95F /* LaunchScreen.storyboard in Resources */ = {isa = PBXBuildFile; fileRef = CDD10AC82B397F3D008ED95F /* LaunchScreen.storyboard */; };
		CDD10AD42B3980A0008ED95F /* MorseCode.framework in Frameworks */ = {isa = PBXBuildFile; fileRef = CDD10AD22B3980A0008ED95F /* MorseCode.framework */; };
		CDD10AD52B3980A0008ED95F /* MorseCode.framework in Embed Frameworks */ = {isa = PBXBuildFile; fileRef = CDD10AD22B3980A0008ED95F /* MorseCode.framework */; settings = {ATTRIBUTES = (CodeSignOnCopy, RemoveHeadersOnCopy, ); }; };
		CDEB81CD2B4FE3010058190A /* Localizable.strings in Resources */ = {isa = PBXBuildFile; fileRef = CDEB81CF2B4FE3010058190A /* Localizable.strings */; };
		CDEB81D92B4FE55D0058190A /* InfoPlist.strings in Resources */ = {isa = PBXBuildFile; fileRef = CDEB81DB2B4FE55D0058190A /* InfoPlist.strings */; };
/* End PBXBuildFile section */

/* Begin PBXContainerItemProxy section */
		CDD10AF02B3A716E008ED95F /* PBXContainerItemProxy */ = {
			isa = PBXContainerItemProxy;
			containerPortal = CDD10AB22B397F3C008ED95F /* Project object */;
			proxyType = 1;
			remoteGlobalIDString = CDD10AB92B397F3C008ED95F;
			remoteInfo = MorseCodeApp;
		};
/* End PBXContainerItemProxy section */

/* Begin PBXCopyFilesBuildPhase section */
		CDD10AD82B3980A0008ED95F /* Embed Frameworks */ = {
			isa = PBXCopyFilesBuildPhase;
			buildActionMask = 2147483647;
			dstPath = "";
			dstSubfolderSpec = 10;
			files = (
				CDD10AD52B3980A0008ED95F /* MorseCode.framework in Embed Frameworks */,
			);
			name = "Embed Frameworks";
			runOnlyForDeploymentPostprocessing = 0;
		};
/* End PBXCopyFilesBuildPhase section */

/* Begin PBXFileReference section */
		CD00A9872B3A74B90042E9F6 /* MorseCodeViewController.swift */ = {isa = PBXFileReference; fileEncoding = 4; lastKnownFileType = sourcecode.swift; path = MorseCodeViewController.swift; sourceTree = "<group>"; };
		CD00A98A2B3A74EB0042E9F6 /* UIButton+TestHelpers.swift */ = {isa = PBXFileReference; fileEncoding = 4; lastKnownFileType = sourcecode.swift; path = "UIButton+TestHelpers.swift"; sourceTree = "<group>"; };
		CD00A98B2B3A74EB0042E9F6 /* UIControl+TestHelpers.swift */ = {isa = PBXFileReference; fileEncoding = 4; lastKnownFileType = sourcecode.swift; path = "UIControl+TestHelpers.swift"; sourceTree = "<group>"; };
		CD00A98E2B3A74F60042E9F6 /* MorseCodeViewControllerTests.swift */ = {isa = PBXFileReference; fileEncoding = 4; lastKnownFileType = sourcecode.swift; path = MorseCodeViewControllerTests.swift; sourceTree = "<group>"; };
		CD00A9902B3A75600042E9F6 /* XCTestCase+LeakTracking.swift */ = {isa = PBXFileReference; lastKnownFileType = sourcecode.swift; path = "XCTestCase+LeakTracking.swift"; sourceTree = "<group>"; };
		CD00A9992B3A7BC30042E9F6 /* UIColor+Ext.swift */ = {isa = PBXFileReference; lastKnownFileType = sourcecode.swift; path = "UIColor+Ext.swift"; sourceTree = "<group>"; };
		CD4ED4EC2B3C00E600197428 /* CustomTextField.swift */ = {isa = PBXFileReference; lastKnownFileType = sourcecode.swift; path = CustomTextField.swift; sourceTree = "<group>"; };
		CD4ED4EE2B3C014900197428 /* ConvertorSpy.swift */ = {isa = PBXFileReference; lastKnownFileType = sourcecode.swift; path = ConvertorSpy.swift; sourceTree = "<group>"; };
		CD4ED4F02B3C04E800197428 /* CustomButton.swift */ = {isa = PBXFileReference; lastKnownFileType = sourcecode.swift; path = CustomButton.swift; sourceTree = "<group>"; };
		CDD10ABA2B397F3C008ED95F /* MorseCodeApp.app */ = {isa = PBXFileReference; explicitFileType = wrapper.application; includeInIndex = 0; path = MorseCodeApp.app; sourceTree = BUILT_PRODUCTS_DIR; };
		CDD10ABD2B397F3C008ED95F /* AppDelegate.swift */ = {isa = PBXFileReference; lastKnownFileType = sourcecode.swift; path = AppDelegate.swift; sourceTree = "<group>"; };
		CDD10ABF2B397F3C008ED95F /* SceneDelegate.swift */ = {isa = PBXFileReference; lastKnownFileType = sourcecode.swift; path = SceneDelegate.swift; sourceTree = "<group>"; };
		CDD10AC62B397F3D008ED95F /* Assets.xcassets */ = {isa = PBXFileReference; lastKnownFileType = folder.assetcatalog; path = Assets.xcassets; sourceTree = "<group>"; };
		CDD10AC92B397F3D008ED95F /* Base */ = {isa = PBXFileReference; lastKnownFileType = file.storyboard; name = Base; path = Base.lproj/LaunchScreen.storyboard; sourceTree = "<group>"; };
		CDD10ACB2B397F3D008ED95F /* Info.plist */ = {isa = PBXFileReference; lastKnownFileType = text.plist.xml; path = Info.plist; sourceTree = "<group>"; };
		CDD10AD22B3980A0008ED95F /* MorseCode.framework */ = {isa = PBXFileReference; explicitFileType = wrapper.framework; path = MorseCode.framework; sourceTree = BUILT_PRODUCTS_DIR; };
		CDD10AEC2B3A716E008ED95F /* MorseCodeAppTests.xctest */ = {isa = PBXFileReference; explicitFileType = wrapper.cfbundle; includeInIndex = 0; path = MorseCodeAppTests.xctest; sourceTree = BUILT_PRODUCTS_DIR; };
		CDEB81CE2B4FE3010058190A /* en */ = {isa = PBXFileReference; lastKnownFileType = text.plist.strings; name = en; path = en.lproj/Localizable.strings; sourceTree = "<group>"; };
		CDEB81D02B4FE3450058190A /* zh-Hans */ = {isa = PBXFileReference; lastKnownFileType = text.plist.strings; name = "zh-Hans"; path = "zh-Hans.lproj/Localizable.strings"; sourceTree = "<group>"; };
		CDEB81D12B4FE3530058190A /* zh-Hant */ = {isa = PBXFileReference; lastKnownFileType = text.plist.strings; name = "zh-Hant"; path = "zh-Hant.lproj/Localizable.strings"; sourceTree = "<group>"; };
		CDEB81DA2B4FE55D0058190A /* en */ = {isa = PBXFileReference; lastKnownFileType = text.plist.strings; name = en; path = en.lproj/InfoPlist.strings; sourceTree = "<group>"; };
		CDEB81DC2B4FE55F0058190A /* zh-Hans */ = {isa = PBXFileReference; lastKnownFileType = text.plist.strings; name = "zh-Hans"; path = "zh-Hans.lproj/InfoPlist.strings"; sourceTree = "<group>"; };
		CDEB81DD2B4FE5600058190A /* zh-Hant */ = {isa = PBXFileReference; lastKnownFileType = text.plist.strings; name = "zh-Hant"; path = "zh-Hant.lproj/InfoPlist.strings"; sourceTree = "<group>"; };
/* End PBXFileReference section */

/* Begin PBXFrameworksBuildPhase section */
		CDD10AB72B397F3C008ED95F /* Frameworks */ = {
			isa = PBXFrameworksBuildPhase;
			buildActionMask = 2147483647;
			files = (
				CDD10AD42B3980A0008ED95F /* MorseCode.framework in Frameworks */,
				CD00A9972B3A79080042E9F6 /* SnapKit in Frameworks */,
			);
			runOnlyForDeploymentPostprocessing = 0;
		};
		CDD10AE92B3A716E008ED95F /* Frameworks */ = {
			isa = PBXFrameworksBuildPhase;
			buildActionMask = 2147483647;
			files = (
			);
			runOnlyForDeploymentPostprocessing = 0;
		};
/* End PBXFrameworksBuildPhase section */

/* Begin PBXGroup section */
		CD00A9892B3A74D40042E9F6 /* Helpers */ = {
			isa = PBXGroup;
			children = (
				CD00A98A2B3A74EB0042E9F6 /* UIButton+TestHelpers.swift */,
				CD00A9902B3A75600042E9F6 /* XCTestCase+LeakTracking.swift */,
				CD00A98B2B3A74EB0042E9F6 /* UIControl+TestHelpers.swift */,
				CD4ED4EE2B3C014900197428 /* ConvertorSpy.swift */,
			);
			path = Helpers;
			sourceTree = "<group>";
		};
		CD00A9982B3A7B950042E9F6 /* Extensions */ = {
			isa = PBXGroup;
			children = (
				CD00A9992B3A7BC30042E9F6 /* UIColor+Ext.swift */,
			);
			path = Extensions;
			sourceTree = "<group>";
		};
		CD4ED4EA2B3C00C500197428 /* ViewControllers */ = {
			isa = PBXGroup;
			children = (
				CD00A9872B3A74B90042E9F6 /* MorseCodeViewController.swift */,
			);
			path = ViewControllers;
			sourceTree = "<group>";
		};
		CD4ED4EB2B3C00D600197428 /* Views */ = {
			isa = PBXGroup;
			children = (
				CD4ED4EC2B3C00E600197428 /* CustomTextField.swift */,
				CD4ED4F02B3C04E800197428 /* CustomButton.swift */,
			);
			path = Views;
			sourceTree = "<group>";
		};
		CDD10AB12B397F3C008ED95F = {
			isa = PBXGroup;
			children = (
				CDD10ABC2B397F3C008ED95F /* MorseCodeApp */,
				CDD10AED2B3A716E008ED95F /* MorseCodeAppTests */,
				CDD10ABB2B397F3C008ED95F /* Products */,
				CDD10AD12B3980A0008ED95F /* Frameworks */,
			);
			sourceTree = "<group>";
		};
		CDD10ABB2B397F3C008ED95F /* Products */ = {
			isa = PBXGroup;
			children = (
				CDD10ABA2B397F3C008ED95F /* MorseCodeApp.app */,
				CDD10AEC2B3A716E008ED95F /* MorseCodeAppTests.xctest */,
			);
			name = Products;
			sourceTree = "<group>";
		};
		CDD10ABC2B397F3C008ED95F /* MorseCodeApp */ = {
			isa = PBXGroup;
			children = (
				CDD10ABD2B397F3C008ED95F /* AppDelegate.swift */,
				CDD10ABF2B397F3C008ED95F /* SceneDelegate.swift */,
				CD4ED4EB2B3C00D600197428 /* Views */,
				CD4ED4EA2B3C00C500197428 /* ViewControllers */,
				CD00A9982B3A7B950042E9F6 /* Extensions */,
				CDD10AC62B397F3D008ED95F /* Assets.xcassets */,
				CDD10AC82B397F3D008ED95F /* LaunchScreen.storyboard */,
				CDD10ACB2B397F3D008ED95F /* Info.plist */,
				CDEB81CF2B4FE3010058190A /* Localizable.strings */,
				CDEB81DB2B4FE55D0058190A /* InfoPlist.strings */,
			);
			path = MorseCodeApp;
			sourceTree = "<group>";
		};
		CDD10AD12B3980A0008ED95F /* Frameworks */ = {
			isa = PBXGroup;
			children = (
				CDD10AD22B3980A0008ED95F /* MorseCode.framework */,
			);
			name = Frameworks;
			sourceTree = "<group>";
		};
		CDD10AED2B3A716E008ED95F /* MorseCodeAppTests */ = {
			isa = PBXGroup;
			children = (
				CD00A9892B3A74D40042E9F6 /* Helpers */,
				CD00A98E2B3A74F60042E9F6 /* MorseCodeViewControllerTests.swift */,
			);
			path = MorseCodeAppTests;
			sourceTree = "<group>";
		};
/* End PBXGroup section */

/* Begin PBXNativeTarget section */
		CDD10AB92B397F3C008ED95F /* MorseCodeApp */ = {
			isa = PBXNativeTarget;
			buildConfigurationList = CDD10ACE2B397F3D008ED95F /* Build configuration list for PBXNativeTarget "MorseCodeApp" */;
			buildPhases = (
				CDD10AB62B397F3C008ED95F /* Sources */,
				CDD10AB72B397F3C008ED95F /* Frameworks */,
				CDD10AB82B397F3C008ED95F /* Resources */,
				CDD10AD82B3980A0008ED95F /* Embed Frameworks */,
			);
			buildRules = (
			);
			dependencies = (
			);
			name = MorseCodeApp;
			packageProductDependencies = (
				CD00A9962B3A79080042E9F6 /* SnapKit */,
			);
			productName = MorseCodeApp;
			productReference = CDD10ABA2B397F3C008ED95F /* MorseCodeApp.app */;
			productType = "com.apple.product-type.application";
		};
		CDD10AEB2B3A716E008ED95F /* MorseCodeAppTests */ = {
			isa = PBXNativeTarget;
			buildConfigurationList = CDD10AF42B3A716E008ED95F /* Build configuration list for PBXNativeTarget "MorseCodeAppTests" */;
			buildPhases = (
				CDD10AE82B3A716E008ED95F /* Sources */,
				CDD10AE92B3A716E008ED95F /* Frameworks */,
				CDD10AEA2B3A716E008ED95F /* Resources */,
			);
			buildRules = (
			);
			dependencies = (
				CDD10AF12B3A716E008ED95F /* PBXTargetDependency */,
			);
			name = MorseCodeAppTests;
			packageProductDependencies = (
			);
			productName = MorseCodeAppTests;
			productReference = CDD10AEC2B3A716E008ED95F /* MorseCodeAppTests.xctest */;
			productType = "com.apple.product-type.bundle.unit-test";
		};
/* End PBXNativeTarget section */

/* Begin PBXProject section */
		CDD10AB22B397F3C008ED95F /* Project object */ = {
			isa = PBXProject;
			attributes = {
				BuildIndependentTargetsInParallel = 1;
				LastSwiftUpdateCheck = 1500;
				LastUpgradeCheck = 1500;
				TargetAttributes = {
					CDD10AB92B397F3C008ED95F = {
						CreatedOnToolsVersion = 15.0.1;
					};
					CDD10AEB2B3A716E008ED95F = {
						CreatedOnToolsVersion = 15.0.1;
						LastSwiftMigration = 1500;
						TestTargetID = CDD10AB92B397F3C008ED95F;
					};
				};
			};
			buildConfigurationList = CDD10AB52B397F3C008ED95F /* Build configuration list for PBXProject "MorseCodeApp" */;
			compatibilityVersion = "Xcode 14.0";
			developmentRegion = en;
			hasScannedForEncodings = 0;
			knownRegions = (
				en,
				Base,
				"zh-Hans",
				"zh-Hant",
			);
			mainGroup = CDD10AB12B397F3C008ED95F;
			packageReferences = (
				CD00A9922B3A76960042E9F6 /* XCRemoteSwiftPackageReference "SnapKit" */,
			);
			productRefGroup = CDD10ABB2B397F3C008ED95F /* Products */;
			projectDirPath = "";
			projectRoot = "";
			targets = (
				CDD10AB92B397F3C008ED95F /* MorseCodeApp */,
				CDD10AEB2B3A716E008ED95F /* MorseCodeAppTests */,
			);
		};
/* End PBXProject section */

/* Begin PBXResourcesBuildPhase section */
		CDD10AB82B397F3C008ED95F /* Resources */ = {
			isa = PBXResourcesBuildPhase;
			buildActionMask = 2147483647;
			files = (
				CDD10ACA2B397F3D008ED95F /* LaunchScreen.storyboard in Resources */,
				CDEB81D92B4FE55D0058190A /* InfoPlist.strings in Resources */,
				CDEB81CD2B4FE3010058190A /* Localizable.strings in Resources */,
				CDD10AC72B397F3D008ED95F /* Assets.xcassets in Resources */,
			);
			runOnlyForDeploymentPostprocessing = 0;
		};
		CDD10AEA2B3A716E008ED95F /* Resources */ = {
			isa = PBXResourcesBuildPhase;
			buildActionMask = 2147483647;
			files = (
			);
			runOnlyForDeploymentPostprocessing = 0;
		};
/* End PBXResourcesBuildPhase section */

/* Begin PBXSourcesBuildPhase section */
		CDD10AB62B397F3C008ED95F /* Sources */ = {
			isa = PBXSourcesBuildPhase;
			buildActionMask = 2147483647;
			files = (
				CDD10ABE2B397F3C008ED95F /* AppDelegate.swift in Sources */,
				CD00A99A2B3A7BC30042E9F6 /* UIColor+Ext.swift in Sources */,
				CD4ED4F12B3C04E800197428 /* CustomButton.swift in Sources */,
				CD00A9882B3A74B90042E9F6 /* MorseCodeViewController.swift in Sources */,
				CDD10AC02B397F3C008ED95F /* SceneDelegate.swift in Sources */,
				CD4ED4ED2B3C00E600197428 /* CustomTextField.swift in Sources */,
			);
			runOnlyForDeploymentPostprocessing = 0;
		};
		CDD10AE82B3A716E008ED95F /* Sources */ = {
			isa = PBXSourcesBuildPhase;
			buildActionMask = 2147483647;
			files = (
				CD00A98C2B3A74EB0042E9F6 /* UIButton+TestHelpers.swift in Sources */,
				CD4ED4EF2B3C014900197428 /* ConvertorSpy.swift in Sources */,
				CD00A98D2B3A74EB0042E9F6 /* UIControl+TestHelpers.swift in Sources */,
				CD00A9912B3A75600042E9F6 /* XCTestCase+LeakTracking.swift in Sources */,
				CD00A98F2B3A74F60042E9F6 /* MorseCodeViewControllerTests.swift in Sources */,
			);
			runOnlyForDeploymentPostprocessing = 0;
		};
/* End PBXSourcesBuildPhase section */

/* Begin PBXTargetDependency section */
		CDD10AF12B3A716E008ED95F /* PBXTargetDependency */ = {
			isa = PBXTargetDependency;
			target = CDD10AB92B397F3C008ED95F /* MorseCodeApp */;
			targetProxy = CDD10AF02B3A716E008ED95F /* PBXContainerItemProxy */;
		};
/* End PBXTargetDependency section */

/* Begin PBXVariantGroup section */
		CDD10AC82B397F3D008ED95F /* LaunchScreen.storyboard */ = {
			isa = PBXVariantGroup;
			children = (
				CDD10AC92B397F3D008ED95F /* Base */,
			);
			name = LaunchScreen.storyboard;
			sourceTree = "<group>";
		};
		CDEB81CF2B4FE3010058190A /* Localizable.strings */ = {
			isa = PBXVariantGroup;
			children = (
				CDEB81CE2B4FE3010058190A /* en */,
				CDEB81D02B4FE3450058190A /* zh-Hans */,
				CDEB81D12B4FE3530058190A /* zh-Hant */,
			);
			name = Localizable.strings;
			sourceTree = "<group>";
		};
		CDEB81DB2B4FE55D0058190A /* InfoPlist.strings */ = {
			isa = PBXVariantGroup;
			children = (
				CDEB81DA2B4FE55D0058190A /* en */,
				CDEB81DC2B4FE55F0058190A /* zh-Hans */,
				CDEB81DD2B4FE5600058190A /* zh-Hant */,
			);
			name = InfoPlist.strings;
			sourceTree = "<group>";
		};
/* End PBXVariantGroup section */

/* Begin XCBuildConfiguration section */
		CDD10ACC2B397F3D008ED95F /* Debug */ = {
			isa = XCBuildConfiguration;
			buildSettings = {
				ALWAYS_SEARCH_USER_PATHS = NO;
				ASSETCATALOG_COMPILER_GENERATE_SWIFT_ASSET_SYMBOL_EXTENSIONS = YES;
				CLANG_ANALYZER_LOCALIZABILITY_NONLOCALIZED = YES;
				CLANG_ANALYZER_NONNULL = YES;
				CLANG_ANALYZER_NUMBER_OBJECT_CONVERSION = YES_AGGRESSIVE;
				CLANG_CXX_LANGUAGE_STANDARD = "gnu++20";
				CLANG_ENABLE_MODULES = YES;
				CLANG_ENABLE_OBJC_ARC = YES;
				CLANG_ENABLE_OBJC_WEAK = YES;
				CLANG_WARN_BLOCK_CAPTURE_AUTORELEASING = YES;
				CLANG_WARN_BOOL_CONVERSION = YES;
				CLANG_WARN_COMMA = YES;
				CLANG_WARN_CONSTANT_CONVERSION = YES;
				CLANG_WARN_DEPRECATED_OBJC_IMPLEMENTATIONS = YES;
				CLANG_WARN_DIRECT_OBJC_ISA_USAGE = YES_ERROR;
				CLANG_WARN_DOCUMENTATION_COMMENTS = YES;
				CLANG_WARN_EMPTY_BODY = YES;
				CLANG_WARN_ENUM_CONVERSION = YES;
				CLANG_WARN_INFINITE_RECURSION = YES;
				CLANG_WARN_INT_CONVERSION = YES;
				CLANG_WARN_NON_LITERAL_NULL_CONVERSION = YES;
				CLANG_WARN_OBJC_IMPLICIT_RETAIN_SELF = YES;
				CLANG_WARN_OBJC_LITERAL_CONVERSION = YES;
				CLANG_WARN_OBJC_ROOT_CLASS = YES_ERROR;
				CLANG_WARN_QUOTED_INCLUDE_IN_FRAMEWORK_HEADER = YES;
				CLANG_WARN_RANGE_LOOP_ANALYSIS = YES;
				CLANG_WARN_STRICT_PROTOTYPES = YES;
				CLANG_WARN_SUSPICIOUS_MOVE = YES;
				CLANG_WARN_UNGUARDED_AVAILABILITY = YES_AGGRESSIVE;
				CLANG_WARN_UNREACHABLE_CODE = YES;
				CLANG_WARN__DUPLICATE_METHOD_MATCH = YES;
				COPY_PHASE_STRIP = NO;
				DEBUG_INFORMATION_FORMAT = dwarf;
				ENABLE_STRICT_OBJC_MSGSEND = YES;
				ENABLE_TESTABILITY = YES;
				ENABLE_USER_SCRIPT_SANDBOXING = YES;
				GCC_C_LANGUAGE_STANDARD = gnu17;
				GCC_DYNAMIC_NO_PIC = NO;
				GCC_NO_COMMON_BLOCKS = YES;
				GCC_OPTIMIZATION_LEVEL = 0;
				GCC_PREPROCESSOR_DEFINITIONS = (
					"DEBUG=1",
					"$(inherited)",
				);
				GCC_WARN_64_TO_32_BIT_CONVERSION = YES;
				GCC_WARN_ABOUT_RETURN_TYPE = YES_ERROR;
				GCC_WARN_UNDECLARED_SELECTOR = YES;
				GCC_WARN_UNINITIALIZED_AUTOS = YES_AGGRESSIVE;
				GCC_WARN_UNUSED_FUNCTION = YES;
				GCC_WARN_UNUSED_VARIABLE = YES;
				IPHONEOS_DEPLOYMENT_TARGET = 17.0;
				LOCALIZATION_PREFERS_STRING_CATALOGS = YES;
				MTL_ENABLE_DEBUG_INFO = INCLUDE_SOURCE;
				MTL_FAST_MATH = YES;
				ONLY_ACTIVE_ARCH = YES;
				SDKROOT = iphoneos;
				SWIFT_ACTIVE_COMPILATION_CONDITIONS = "DEBUG $(inherited)";
				SWIFT_OPTIMIZATION_LEVEL = "-Onone";
			};
			name = Debug;
		};
		CDD10ACD2B397F3D008ED95F /* Release */ = {
			isa = XCBuildConfiguration;
			buildSettings = {
				ALWAYS_SEARCH_USER_PATHS = NO;
				ASSETCATALOG_COMPILER_GENERATE_SWIFT_ASSET_SYMBOL_EXTENSIONS = YES;
				CLANG_ANALYZER_LOCALIZABILITY_NONLOCALIZED = YES;
				CLANG_ANALYZER_NONNULL = YES;
				CLANG_ANALYZER_NUMBER_OBJECT_CONVERSION = YES_AGGRESSIVE;
				CLANG_CXX_LANGUAGE_STANDARD = "gnu++20";
				CLANG_ENABLE_MODULES = YES;
				CLANG_ENABLE_OBJC_ARC = YES;
				CLANG_ENABLE_OBJC_WEAK = YES;
				CLANG_WARN_BLOCK_CAPTURE_AUTORELEASING = YES;
				CLANG_WARN_BOOL_CONVERSION = YES;
				CLANG_WARN_COMMA = YES;
				CLANG_WARN_CONSTANT_CONVERSION = YES;
				CLANG_WARN_DEPRECATED_OBJC_IMPLEMENTATIONS = YES;
				CLANG_WARN_DIRECT_OBJC_ISA_USAGE = YES_ERROR;
				CLANG_WARN_DOCUMENTATION_COMMENTS = YES;
				CLANG_WARN_EMPTY_BODY = YES;
				CLANG_WARN_ENUM_CONVERSION = YES;
				CLANG_WARN_INFINITE_RECURSION = YES;
				CLANG_WARN_INT_CONVERSION = YES;
				CLANG_WARN_NON_LITERAL_NULL_CONVERSION = YES;
				CLANG_WARN_OBJC_IMPLICIT_RETAIN_SELF = YES;
				CLANG_WARN_OBJC_LITERAL_CONVERSION = YES;
				CLANG_WARN_OBJC_ROOT_CLASS = YES_ERROR;
				CLANG_WARN_QUOTED_INCLUDE_IN_FRAMEWORK_HEADER = YES;
				CLANG_WARN_RANGE_LOOP_ANALYSIS = YES;
				CLANG_WARN_STRICT_PROTOTYPES = YES;
				CLANG_WARN_SUSPICIOUS_MOVE = YES;
				CLANG_WARN_UNGUARDED_AVAILABILITY = YES_AGGRESSIVE;
				CLANG_WARN_UNREACHABLE_CODE = YES;
				CLANG_WARN__DUPLICATE_METHOD_MATCH = YES;
				COPY_PHASE_STRIP = NO;
				DEBUG_INFORMATION_FORMAT = "dwarf-with-dsym";
				ENABLE_NS_ASSERTIONS = NO;
				ENABLE_STRICT_OBJC_MSGSEND = YES;
				ENABLE_USER_SCRIPT_SANDBOXING = YES;
				GCC_C_LANGUAGE_STANDARD = gnu17;
				GCC_NO_COMMON_BLOCKS = YES;
				GCC_WARN_64_TO_32_BIT_CONVERSION = YES;
				GCC_WARN_ABOUT_RETURN_TYPE = YES_ERROR;
				GCC_WARN_UNDECLARED_SELECTOR = YES;
				GCC_WARN_UNINITIALIZED_AUTOS = YES_AGGRESSIVE;
				GCC_WARN_UNUSED_FUNCTION = YES;
				GCC_WARN_UNUSED_VARIABLE = YES;
				IPHONEOS_DEPLOYMENT_TARGET = 17.0;
				LOCALIZATION_PREFERS_STRING_CATALOGS = YES;
				MTL_ENABLE_DEBUG_INFO = NO;
				MTL_FAST_MATH = YES;
				SDKROOT = iphoneos;
				SWIFT_COMPILATION_MODE = wholemodule;
				VALIDATE_PRODUCT = YES;
			};
			name = Release;
		};
		CDD10ACF2B397F3D008ED95F /* Debug */ = {
			isa = XCBuildConfiguration;
			buildSettings = {
				ASSETCATALOG_COMPILER_APPICON_NAME = AppIcon;
				ASSETCATALOG_COMPILER_GLOBAL_ACCENT_COLOR_NAME = AccentColor;
				CODE_SIGN_STYLE = Automatic;
				CURRENT_PROJECT_VERSION = 0;
				DEVELOPMENT_TEAM = 7588T3DZY6;
				GENERATE_INFOPLIST_FILE = YES;
				INFOPLIST_FILE = MorseCodeApp/Info.plist;
				INFOPLIST_KEY_CFBundleDisplayName = "Morse Flash Signal";
				INFOPLIST_KEY_UIApplicationSupportsIndirectInputEvents = YES;
				INFOPLIST_KEY_UILaunchStoryboardName = LaunchScreen;
				INFOPLIST_KEY_UISupportedInterfaceOrientations = "UIInterfaceOrientationLandscapeLeft UIInterfaceOrientationLandscapeRight UIInterfaceOrientationPortrait UIInterfaceOrientationPortraitUpsideDown";
				LD_RUNPATH_SEARCH_PATHS = (
					"$(inherited)",
					"@executable_path/Frameworks",
				);
				MARKETING_VERSION = 1.2.0;
				PRODUCT_BUNDLE_IDENTIFIER = com.pinyuanchen.MorseCodeApp;
				PRODUCT_NAME = "$(TARGET_NAME)";
				SWIFT_EMIT_LOC_STRINGS = YES;
				SWIFT_VERSION = 5.0;
				TARGETED_DEVICE_FAMILY = "1,2";
			};
			name = Debug;
		};
		CDD10AD02B397F3D008ED95F /* Release */ = {
			isa = XCBuildConfiguration;
			buildSettings = {
				ASSETCATALOG_COMPILER_APPICON_NAME = AppIcon;
				ASSETCATALOG_COMPILER_GLOBAL_ACCENT_COLOR_NAME = AccentColor;
				CODE_SIGN_STYLE = Automatic;
				CURRENT_PROJECT_VERSION = 0;
				DEVELOPMENT_TEAM = 7588T3DZY6;
				GENERATE_INFOPLIST_FILE = YES;
				INFOPLIST_FILE = MorseCodeApp/Info.plist;
				INFOPLIST_KEY_CFBundleDisplayName = "Morse Flash Signal";
				INFOPLIST_KEY_UIApplicationSupportsIndirectInputEvents = YES;
				INFOPLIST_KEY_UILaunchStoryboardName = LaunchScreen;
				INFOPLIST_KEY_UISupportedInterfaceOrientations = "UIInterfaceOrientationLandscapeLeft UIInterfaceOrientationLandscapeRight UIInterfaceOrientationPortrait UIInterfaceOrientationPortraitUpsideDown";
				LD_RUNPATH_SEARCH_PATHS = (
					"$(inherited)",
					"@executable_path/Frameworks",
				);
				MARKETING_VERSION = 1.2.0;
				PRODUCT_BUNDLE_IDENTIFIER = com.pinyuanchen.MorseCodeApp;
				PRODUCT_NAME = "$(TARGET_NAME)";
				SWIFT_EMIT_LOC_STRINGS = YES;
				SWIFT_VERSION = 5.0;
				TARGETED_DEVICE_FAMILY = "1,2";
			};
			name = Release;
		};
		CDD10AF22B3A716E008ED95F /* Debug */ = {
			isa = XCBuildConfiguration;
			buildSettings = {
				BUNDLE_LOADER = "$(TEST_HOST)";
				CLANG_ENABLE_MODULES = YES;
				CODE_SIGN_STYLE = Automatic;
				CURRENT_PROJECT_VERSION = 1;
				DEVELOPMENT_TEAM = 7588T3DZY6;
				GENERATE_INFOPLIST_FILE = YES;
				MARKETING_VERSION = 1.0;
				PRODUCT_BUNDLE_IDENTIFIER = com.pinyuanchen.MorseCodeAppTests;
				PRODUCT_NAME = "$(TARGET_NAME)";
				SWIFT_EMIT_LOC_STRINGS = NO;
				SWIFT_OPTIMIZATION_LEVEL = "-Onone";
				SWIFT_VERSION = 5.0;
				TARGETED_DEVICE_FAMILY = "1,2";
				TEST_HOST = "$(BUILT_PRODUCTS_DIR)/MorseCodeApp.app/$(BUNDLE_EXECUTABLE_FOLDER_PATH)/MorseCodeApp";
			};
			name = Debug;
		};
		CDD10AF32B3A716E008ED95F /* Release */ = {
			isa = XCBuildConfiguration;
			buildSettings = {
				BUNDLE_LOADER = "$(TEST_HOST)";
				CLANG_ENABLE_MODULES = YES;
				CODE_SIGN_STYLE = Automatic;
				CURRENT_PROJECT_VERSION = 1;
				DEVELOPMENT_TEAM = 7588T3DZY6;
				GENERATE_INFOPLIST_FILE = YES;
				MARKETING_VERSION = 1.0;
				PRODUCT_BUNDLE_IDENTIFIER = com.pinyuanchen.MorseCodeAppTests;
				PRODUCT_NAME = "$(TARGET_NAME)";
				SWIFT_EMIT_LOC_STRINGS = NO;
				SWIFT_VERSION = 5.0;
				TARGETED_DEVICE_FAMILY = "1,2";
				TEST_HOST = "$(BUILT_PRODUCTS_DIR)/MorseCodeApp.app/$(BUNDLE_EXECUTABLE_FOLDER_PATH)/MorseCodeApp";
			};
			name = Release;
		};
/* End XCBuildConfiguration section */

/* Begin XCConfigurationList section */
		CDD10AB52B397F3C008ED95F /* Build configuration list for PBXProject "MorseCodeApp" */ = {
			isa = XCConfigurationList;
			buildConfigurations = (
				CDD10ACC2B397F3D008ED95F /* Debug */,
				CDD10ACD2B397F3D008ED95F /* Release */,
			);
			defaultConfigurationIsVisible = 0;
			defaultConfigurationName = Release;
		};
		CDD10ACE2B397F3D008ED95F /* Build configuration list for PBXNativeTarget "MorseCodeApp" */ = {
			isa = XCConfigurationList;
			buildConfigurations = (
				CDD10ACF2B397F3D008ED95F /* Debug */,
				CDD10AD02B397F3D008ED95F /* Release */,
			);
			defaultConfigurationIsVisible = 0;
			defaultConfigurationName = Release;
		};
		CDD10AF42B3A716E008ED95F /* Build configuration list for PBXNativeTarget "MorseCodeAppTests" */ = {
			isa = XCConfigurationList;
			buildConfigurations = (
				CDD10AF22B3A716E008ED95F /* Debug */,
				CDD10AF32B3A716E008ED95F /* Release */,
			);
			defaultConfigurationIsVisible = 0;
			defaultConfigurationName = Release;
		};
/* End XCConfigurationList section */

/* Begin XCRemoteSwiftPackageReference section */
		CD00A9922B3A76960042E9F6 /* XCRemoteSwiftPackageReference "SnapKit" */ = {
			isa = XCRemoteSwiftPackageReference;
			repositoryURL = "https://github.com/SnapKit/SnapKit";
			requirement = {
				kind = upToNextMajorVersion;
				minimumVersion = 5.6.0;
			};
		};
/* End XCRemoteSwiftPackageReference section */

/* Begin XCSwiftPackageProductDependency section */
		CD00A9962B3A79080042E9F6 /* SnapKit */ = {
			isa = XCSwiftPackageProductDependency;
			package = CD00A9922B3A76960042E9F6 /* XCRemoteSwiftPackageReference "SnapKit" */;
			productName = SnapKit;
		};
/* End XCSwiftPackageProductDependency section */
	};
	rootObject = CDD10AB22B397F3C008ED95F /* Project object */;
}
